<?xml version="1.0" encoding="utf-8"?>
<Project ToolsVersion="4.0" xmlns="http://schemas.microsoft.com/developer/msbuild/2003">
  <ItemGroup>
    <Filter Include="Quelldateien">
      <UniqueIdentifier>{4FC737F1-C7A5-4376-A066-2A32D752A2FF}</UniqueIdentifier>
      <Extensions>cpp;c;cc;cxx;def;odl;idl;hpj;bat;asm;asmx</Extensions>
    </Filter>
    <Filter Include="Headerdateien">
      <UniqueIdentifier>{93995380-89BD-4b04-88EB-625FBE52EBFB}</UniqueIdentifier>
      <Extensions>h;hh;hpp;hxx;hm;inl;inc;xsd</Extensions>
    </Filter>
    <Filter Include="Ressourcendateien">
      <UniqueIdentifier>{67DA6AB6-F800-4c08-8B7A-83BB121AAD01}</UniqueIdentifier>
      <Extensions>rc;ico;cur;bmp;dlg;rc2;rct;bin;rgs;gif;jpg;jpeg;jpe;resx;tiff;tif;png;wav;mfcribbon-ms</Extensions>
    </Filter>
  </ItemGroup>
  <ItemGroup>
    <ClInclude Include="Source\g_local.h">
      <Filter>Headerdateien</Filter>
    </ClInclude>
    <ClInclude Include="Source\game.h">
      <Filter>Headerdateien</Filter>
    </ClInclude>
    <ClInclude Include="Source\m_actor.h">
      <Filter>Headerdateien</Filter>
    </ClInclude>
    <ClInclude Include="Source\m_berserk.h">
      <Filter>Headerdateien</Filter>
    </ClInclude>
    <ClInclude Include="Source\m_boss2.h">
      <Filter>Headerdateien</Filter>
    </ClInclude>
    <ClInclude Include="Source\m_boss31.h">
      <Filter>Headerdateien</Filter>
    </ClInclude>
    <ClInclude Include="Source\m_boss32.h">
      <Filter>Headerdateien</Filter>
    </ClInclude>
    <ClInclude Include="Source\m_brain.h">
      <Filter>Headerdateien</Filter>
    </ClInclude>
    <ClInclude Include="Source\m_chick.h">
      <Filter>Headerdateien</Filter>
    </ClInclude>
    <ClInclude Include="Source\m_flipper.h">
      <Filter>Headerdateien</Filter>
    </ClInclude>
    <ClInclude Include="Source\m_float.h">
      <Filter>Headerdateien</Filter>
    </ClInclude>
    <ClInclude Include="Source\m_flyer.h">
      <Filter>Headerdateien</Filter>
    </ClInclude>
    <ClInclude Include="Source\m_gladiator.h">
      <Filter>Headerdateien</Filter>
    </ClInclude>
    <ClInclude Include="Source\m_gunner.h">
      <Filter>Headerdateien</Filter>
    </ClInclude>
    <ClInclude Include="Source\m_hover.h">
      <Filter>Headerdateien</Filter>
    </ClInclude>
    <ClInclude Include="Source\m_infantry.h">
      <Filter>Headerdateien</Filter>
    </ClInclude>
    <ClInclude Include="Source\m_insane.h">
      <Filter>Headerdateien</Filter>
    </ClInclude>
    <ClInclude Include="Source\m_medic.h">
      <Filter>Headerdateien</Filter>
    </ClInclude>
    <ClInclude Include="Source\m_mutant.h">
      <Filter>Headerdateien</Filter>
    </ClInclude>
    <ClInclude Include="Source\m_parasite.h">
      <Filter>Headerdateien</Filter>
    </ClInclude>
    <ClInclude Include="Source\m_soldier.h">
      <Filter>Headerdateien</Filter>
    </ClInclude>
    <ClInclude Include="Source\m_supertank.h">
      <Filter>Headerdateien</Filter>
    </ClInclude>
    <ClInclude Include="Source\m_tank.h">
      <Filter>Headerdateien</Filter>
    </ClInclude>
    <ClInclude Include="Source\q_shared.h">
      <Filter>Headerdateien</Filter>
    </ClInclude>
    <ClInclude Include="Source\m_player.h">
      <Filter>Headerdateien</Filter>
    </ClInclude>
  </ItemGroup>
  <ItemGroup>
    <ClCompile Include="Source\g_ai.c">
      <Filter>Quelldateien</Filter>
    </ClCompile>
    <ClCompile Include="Source\g_chase.c">
      <Filter>Quelldateien</Filter>
    </ClCompile>
    <ClCompile Include="Source\g_cmds.c">
      <Filter>Quelldateien</Filter>
    </ClCompile>
    <ClCompile Include="Source\g_combat.c">
      <Filter>Quelldateien</Filter>
    </ClCompile>
    <ClCompile Include="Source\g_func.c">
      <Filter>Quelldateien</Filter>
    </ClCompile>
    <ClCompile Include="Source\g_items.c">
      <Filter>Quelldateien</Filter>
    </ClCompile>
    <ClCompile Include="Source\g_main.c">
      <Filter>Quelldateien</Filter>
    </ClCompile>
    <ClCompile Include="Source\g_misc.c">
      <Filter>Quelldateien</Filter>
    </ClCompile>
    <ClCompile Include="Source\g_monster.c">
      <Filter>Quelldateien</Filter>
    </ClCompile>
    <ClCompile Include="Source\g_phys.c">
      <Filter>Quelldateien</Filter>
    </ClCompile>
    <ClCompile Include="Source\g_save.c">
      <Filter>Quelldateien</Filter>
    </ClCompile>
    <ClCompile Include="Source\g_spawn.c">
      <Filter>Quelldateien</Filter>
    </ClCompile>
    <ClCompile Include="Source\g_svcmds.c">
      <Filter>Quelldateien</Filter>
    </ClCompile>
    <ClCompile Include="Source\g_target.c">
      <Filter>Quelldateien</Filter>
    </ClCompile>
    <ClCompile Include="Source\g_trigger.c">
      <Filter>Quelldateien</Filter>
    </ClCompile>
    <ClCompile Include="Source\g_turret.c">
      <Filter>Quelldateien</Filter>
    </ClCompile>
    <ClCompile Include="Source\g_utils.c">
      <Filter>Quelldateien</Filter>
    </ClCompile>
    <ClCompile Include="Source\g_weapon.c">
      <Filter>Quelldateien</Filter>
    </ClCompile>
    <ClCompile Include="Source\m_actor.c">
      <Filter>Quelldateien</Filter>
    </ClCompile>
    <ClCompile Include="Source\m_berserk.c">
      <Filter>Quelldateien</Filter>
    </ClCompile>
    <ClCompile Include="Source\m_boss2.c">
      <Filter>Quelldateien</Filter>
    </ClCompile>
    <ClCompile Include="Source\m_boss3.c">
      <Filter>Quelldateien</Filter>
    </ClCompile>
    <ClCompile Include="Source\m_boss31.c">
      <Filter>Quelldateien</Filter>
    </ClCompile>
    <ClCompile Include="Source\m_boss32.c">
      <Filter>Quelldateien</Filter>
    </ClCompile>
    <ClCompile Include="Source\m_brain.c">
      <Filter>Quelldateien</Filter>
    </ClCompile>
    <ClCompile Include="Source\m_chick.c">
      <Filter>Quelldateien</Filter>
    </ClCompile>
    <ClCompile Include="Source\m_flash.c">
      <Filter>Quelldateien</Filter>
    </ClCompile>
    <ClCompile Include="Source\m_flipper.c">
      <Filter>Quelldateien</Filter>
    </ClCompile>
    <ClCompile Include="Source\m_float.c">
      <Filter>Quelldateien</Filter>
    </ClCompile>
    <ClCompile Include="Source\m_flyer.c">
      <Filter>Quelldateien</Filter>
    </ClCompile>
    <ClCompile Include="Source\m_gladiator.c">
      <Filter>Quelldateien</Filter>
    </ClCompile>
    <ClCompile Include="Source\m_gunner.c">
      <Filter>Quelldateien</Filter>
    </ClCompile>
    <ClCompile Include="Source\m_hover.c">
      <Filter>Quelldateien</Filter>
    </ClCompile>
    <ClCompile Include="Source\m_infantry.c">
      <Filter>Quelldateien</Filter>
    </ClCompile>
    <ClCompile Include="Source\m_insane.c">
      <Filter>Quelldateien</Filter>
    </ClCompile>
    <ClCompile Include="Source\m_medic.c">
      <Filter>Quelldateien</Filter>
    </ClCompile>
    <ClCompile Include="Source\m_move.c">
      <Filter>Quelldateien</Filter>
    </ClCompile>
    <ClCompile Include="Source\m_mutant.c">
      <Filter>Quelldateien</Filter>
    </ClCompile>
    <ClCompile Include="Source\m_parasite.c">
      <Filter>Quelldateien</Filter>
    </ClCompile>
    <ClCompile Include="Source\m_soldier.c">
      <Filter>Quelldateien</Filter>
    </ClCompile>
    <ClCompile Include="Source\m_supertank.c">
      <Filter>Quelldateien</Filter>
    </ClCompile>
    <ClCompile Include="Source\m_tank.c">
      <Filter>Quelldateien</Filter>
    </ClCompile>
    <ClCompile Include="Source\p_client.c">
      <Filter>Quelldateien</Filter>
    </ClCompile>
    <ClCompile Include="Source\p_hud.c">
      <Filter>Quelldateien</Filter>
    </ClCompile>
    <ClCompile Include="Source\p_trail.c">
      <Filter>Quelldateien</Filter>
    </ClCompile>
    <ClCompile Include="Source\p_view.c">
      <Filter>Quelldateien</Filter>
    </ClCompile>
    <ClCompile Include="Source\p_weapon.c">
      <Filter>Quelldateien</Filter>
    </ClCompile>
    <ClCompile Include="Source\q_shared.c">
      <Filter>Quelldateien</Filter>
    </ClCompile>
  </ItemGroup>
  <ItemGroup>
    <None Include="game.def">
      <Filter>Ressourcendateien</Filter>
    </None>
  </ItemGroup>
</Project>